// !$*UTF8*$!
{
	archiveVersion = 1;
	classes = {
	};
	objectVersion = 46;
	objects = {

/* Begin PBXBuildFile section */
		202272271F5DD195000F04C8 /* AppDelegate.swift in Sources */ = {isa = PBXBuildFile; fileRef = 202272261F5DD195000F04C8 /* AppDelegate.swift */; };
		202272291F5DD195000F04C8 /* ViewController.swift in Sources */ = {isa = PBXBuildFile; fileRef = 202272281F5DD195000F04C8 /* ViewController.swift */; };
		2022722C1F5DD195000F04C8 /* Main.storyboard in Resources */ = {isa = PBXBuildFile; fileRef = 2022722A1F5DD195000F04C8 /* Main.storyboard */; };
		2022722E1F5DD195000F04C8 /* Assets.xcassets in Resources */ = {isa = PBXBuildFile; fileRef = 2022722D1F5DD195000F04C8 /* Assets.xcassets */; };
		202272311F5DD195000F04C8 /* LaunchScreen.storyboard in Resources */ = {isa = PBXBuildFile; fileRef = 2022722F1F5DD195000F04C8 /* LaunchScreen.storyboard */; };
		2046CCD71FA70FB800AD7B8F /* ZoomInSegue.swift in Sources */ = {isa = PBXBuildFile; fileRef = 2046CCD61FA70FB800AD7B8F /* ZoomInSegue.swift */; };
		2088C80E1F8AB1E500445E74 /* PlacesViewController.swift in Sources */ = {isa = PBXBuildFile; fileRef = 2088C80D1F8AB1E500445E74 /* PlacesViewController.swift */; };
		2088C8101F8AE02300445E74 /* PlacesViewCell.swift in Sources */ = {isa = PBXBuildFile; fileRef = 2088C80F1F8AE02300445E74 /* PlacesViewCell.swift */; };
		20BC2F341F69D6E00077B644 /* LocationForecast.swift in Sources */ = {isa = PBXBuildFile; fileRef = 20BC2F331F69D6E00077B644 /* LocationForecast.swift */; };
		20BC2F3A1F6DE2B20077B644 /* WeatherViewCell.swift in Sources */ = {isa = PBXBuildFile; fileRef = 20BC2F391F6DE2B20077B644 /* WeatherViewCell.swift */; };
		20BC2F3D1F6DF2EB0077B644 /* DailyForecastViewCell.swift in Sources */ = {isa = PBXBuildFile; fileRef = 20BC2F3C1F6DF2EB0077B644 /* DailyForecastViewCell.swift */; };
		20E707D11F7857FE006A2169 /* FavoritesViewController.swift in Sources */ = {isa = PBXBuildFile; fileRef = 20E707D01F7857FE006A2169 /* FavoritesViewController.swift */; };
		20E707D31F78586B006A2169 /* FavoriteViewCell.swift in Sources */ = {isa = PBXBuildFile; fileRef = 20E707D21F78586B006A2169 /* FavoriteViewCell.swift */; };
/* End PBXBuildFile section */

/* Begin PBXFileReference section */
		202272231F5DD195000F04C8 /* WeatherApp.app */ = {isa = PBXFileReference; explicitFileType = wrapper.application; includeInIndex = 0; path = WeatherApp.app; sourceTree = BUILT_PRODUCTS_DIR; };
		202272261F5DD195000F04C8 /* AppDelegate.swift */ = {isa = PBXFileReference; lastKnownFileType = sourcecode.swift; path = AppDelegate.swift; sourceTree = "<group>"; };
		202272281F5DD195000F04C8 /* ViewController.swift */ = {isa = PBXFileReference; lastKnownFileType = sourcecode.swift; path = ViewController.swift; sourceTree = "<group>"; };
		2022722B1F5DD195000F04C8 /* Base */ = {isa = PBXFileReference; lastKnownFileType = file.storyboard; name = Base; path = Base.lproj/Main.storyboard; sourceTree = "<group>"; };
		2022722D1F5DD195000F04C8 /* Assets.xcassets */ = {isa = PBXFileReference; lastKnownFileType = folder.assetcatalog; path = Assets.xcassets; sourceTree = "<group>"; };
		202272301F5DD195000F04C8 /* Base */ = {isa = PBXFileReference; lastKnownFileType = file.storyboard; name = Base; path = Base.lproj/LaunchScreen.storyboard; sourceTree = "<group>"; };
		202272321F5DD195000F04C8 /* Info.plist */ = {isa = PBXFileReference; lastKnownFileType = text.plist.xml; path = Info.plist; sourceTree = "<group>"; };
		2046CCD61FA70FB800AD7B8F /* ZoomInSegue.swift */ = {isa = PBXFileReference; lastKnownFileType = sourcecode.swift; path = ZoomInSegue.swift; sourceTree = "<group>"; };
		2088C80D1F8AB1E500445E74 /* PlacesViewController.swift */ = {isa = PBXFileReference; lastKnownFileType = sourcecode.swift; path = PlacesViewController.swift; sourceTree = "<group>"; };
		2088C80F1F8AE02300445E74 /* PlacesViewCell.swift */ = {isa = PBXFileReference; lastKnownFileType = sourcecode.swift; path = PlacesViewCell.swift; sourceTree = "<group>"; };
		20BC2F331F69D6E00077B644 /* LocationForecast.swift */ = {isa = PBXFileReference; fileEncoding = 4; lastKnownFileType = sourcecode.swift; path = LocationForecast.swift; sourceTree = "<group>"; };
		20BC2F391F6DE2B20077B644 /* WeatherViewCell.swift */ = {isa = PBXFileReference; fileEncoding = 4; lastKnownFileType = sourcecode.swift; path = WeatherViewCell.swift; sourceTree = "<group>"; };
		20BC2F3C1F6DF2EB0077B644 /* DailyForecastViewCell.swift */ = {isa = PBXFileReference; fileEncoding = 4; lastKnownFileType = sourcecode.swift; path = DailyForecastViewCell.swift; sourceTree = "<group>"; };
		20E707D01F7857FE006A2169 /* FavoritesViewController.swift */ = {isa = PBXFileReference; lastKnownFileType = sourcecode.swift; path = FavoritesViewController.swift; sourceTree = "<group>"; };
		20E707D21F78586B006A2169 /* FavoriteViewCell.swift */ = {isa = PBXFileReference; lastKnownFileType = sourcecode.swift; path = FavoriteViewCell.swift; sourceTree = "<group>"; };
/* End PBXFileReference section */

/* Begin PBXFrameworksBuildPhase section */
		202272201F5DD195000F04C8 /* Frameworks */ = {
			isa = PBXFrameworksBuildPhase;
			buildActionMask = 2147483647;
			files = (
			);
			runOnlyForDeploymentPostprocessing = 0;
		};
/* End PBXFrameworksBuildPhase section */

/* Begin PBXGroup section */
		2022721A1F5DD195000F04C8 = {
			isa = PBXGroup;
			children = (
				202272251F5DD195000F04C8 /* WeatherApp */,
				202272241F5DD195000F04C8 /* Products */,
			);
			sourceTree = "<group>";
		};
		202272241F5DD195000F04C8 /* Products */ = {
			isa = PBXGroup;
			children = (
				202272231F5DD195000F04C8 /* WeatherApp.app */,
			);
			name = Products;
			sourceTree = "<group>";
		};
		202272251F5DD195000F04C8 /* WeatherApp */ = {
			isa = PBXGroup;
			children = (
				20BC2F371F6DE28E0077B644 /* Cells */,
				20BC2F321F69D6C10077B644 /* Model */,
				202272261F5DD195000F04C8 /* AppDelegate.swift */,
				202272281F5DD195000F04C8 /* ViewController.swift */,
				20E707D01F7857FE006A2169 /* FavoritesViewController.swift */,
				2088C80D1F8AB1E500445E74 /* PlacesViewController.swift */,
				2046CCD61FA70FB800AD7B8F /* ZoomInSegue.swift */,
				2022722A1F5DD195000F04C8 /* Main.storyboard */,
				2022722D1F5DD195000F04C8 /* Assets.xcassets */,
				2022722F1F5DD195000F04C8 /* LaunchScreen.storyboard */,
				202272321F5DD195000F04C8 /* Info.plist */,
			);
			path = WeatherApp;
			sourceTree = "<group>";
		};
		20BC2F321F69D6C10077B644 /* Model */ = {
			isa = PBXGroup;
			children = (
				20BC2F331F69D6E00077B644 /* LocationForecast.swift */,
			);
			name = Model;
			sourceTree = "<group>";
		};
		20BC2F371F6DE28E0077B644 /* Cells */ = {
			isa = PBXGroup;
			children = (
				20BC2F391F6DE2B20077B644 /* WeatherViewCell.swift */,
				20BC2F3C1F6DF2EB0077B644 /* DailyForecastViewCell.swift */,
				20E707D21F78586B006A2169 /* FavoriteViewCell.swift */,
				2088C80F1F8AE02300445E74 /* PlacesViewCell.swift */,
			);
			name = Cells;
			sourceTree = "<group>";
		};
/* End PBXGroup section */

/* Begin PBXNativeTarget section */
		202272221F5DD195000F04C8 /* WeatherApp */ = {
			isa = PBXNativeTarget;
			buildConfigurationList = 202272351F5DD195000F04C8 /* Build configuration list for PBXNativeTarget "WeatherApp" */;
			buildPhases = (
				2022721F1F5DD195000F04C8 /* Sources */,
				202272201F5DD195000F04C8 /* Frameworks */,
				202272211F5DD195000F04C8 /* Resources */,
			);
			buildRules = (
			);
			dependencies = (
			);
			name = WeatherApp;
			productName = WeatherApp;
			productReference = 202272231F5DD195000F04C8 /* WeatherApp.app */;
			productType = "com.apple.product-type.application";
		};
/* End PBXNativeTarget section */

/* Begin PBXProject section */
		2022721B1F5DD195000F04C8 /* Project object */ = {
			isa = PBXProject;
			attributes = {
				LastSwiftUpdateCheck = 0830;
				LastUpgradeCheck = 0830;
				ORGANIZATIONNAME = "Appose Studio Inc.";
				TargetAttributes = {
					202272221F5DD195000F04C8 = {
						CreatedOnToolsVersion = 8.3.3;
						DevelopmentTeam = 325SNGXV22;
						ProvisioningStyle = Automatic;
					};
				};
			};
			buildConfigurationList = 2022721E1F5DD195000F04C8 /* Build configuration list for PBXProject "WeatherApp" */;
			compatibilityVersion = "Xcode 3.2";
			developmentRegion = English;
			hasScannedForEncodings = 0;
			knownRegions = (
				en,
				Base,
			);
			mainGroup = 2022721A1F5DD195000F04C8;
			productRefGroup = 202272241F5DD195000F04C8 /* Products */;
			projectDirPath = "";
			projectRoot = "";
			targets = (
				202272221F5DD195000F04C8 /* WeatherApp */,
			);
		};
/* End PBXProject section */

/* Begin PBXResourcesBuildPhase section */
		202272211F5DD195000F04C8 /* Resources */ = {
			isa = PBXResourcesBuildPhase;
			buildActionMask = 2147483647;
			files = (
				202272311F5DD195000F04C8 /* LaunchScreen.storyboard in Resources */,
				2022722E1F5DD195000F04C8 /* Assets.xcassets in Resources */,
				2022722C1F5DD195000F04C8 /* Main.storyboard in Resources */,
			);
			runOnlyForDeploymentPostprocessing = 0;
		};
/* End PBXResourcesBuildPhase section */

/* Begin PBXSourcesBuildPhase section */
		2022721F1F5DD195000F04C8 /* Sources */ = {
			isa = PBXSourcesBuildPhase;
			buildActionMask = 2147483647;
			files = (
				202272291F5DD195000F04C8 /* ViewController.swift in Sources */,
				202272271F5DD195000F04C8 /* AppDelegate.swift in Sources */,
				2088C8101F8AE02300445E74 /* PlacesViewCell.swift in Sources */,
				20BC2F3A1F6DE2B20077B644 /* WeatherViewCell.swift in Sources */,
				20BC2F3D1F6DF2EB0077B644 /* DailyForecastViewCell.swift in Sources */,
				2088C80E1F8AB1E500445E74 /* PlacesViewController.swift in Sources */,
				20E707D31F78586B006A2169 /* FavoriteViewCell.swift in Sources */,
				2046CCD71FA70FB800AD7B8F /* ZoomInSegue.swift in Sources */,
				20E707D11F7857FE006A2169 /* FavoritesViewController.swift in Sources */,
				20BC2F341F69D6E00077B644 /* LocationForecast.swift in Sources */,
			);
			runOnlyForDeploymentPostprocessing = 0;
		};
/* End PBXSourcesBuildPhase section */

/* Begin PBXVariantGroup section */
		2022722A1F5DD195000F04C8 /* Main.storyboard */ = {
			isa = PBXVariantGroup;
			children = (
				2022722B1F5DD195000F04C8 /* Base */,
			);
			name = Main.storyboard;
			sourceTree = "<group>";
		};
		2022722F1F5DD195000F04C8 /* LaunchScreen.storyboard */ = {
			isa = PBXVariantGroup;
			children = (
				202272301F5DD195000F04C8 /* Base */,
			);
			name = LaunchScreen.storyboard;
			sourceTree = "<group>";
		};
/* End PBXVariantGroup section */

/* Begin XCBuildConfiguration section */
		202272331F5DD195000F04C8 /* Debug */ = {
			isa = XCBuildConfiguration;
			buildSettings = {
				ALWAYS_SEARCH_USER_PATHS = NO;
				CLANG_ANALYZER_NONNULL = YES;
				CLANG_ANALYZER_NUMBER_OBJECT_CONVERSION = YES_AGGRESSIVE;
				CLANG_CXX_LANGUAGE_STANDARD = "gnu++0x";
				CLANG_CXX_LIBRARY = "libc++";
				CLANG_ENABLE_MODULES = YES;
				CLANG_ENABLE_OBJC_ARC = YES;
				CLANG_WARN_BOOL_CONVERSION = YES;
				CLANG_WARN_CONSTANT_CONVERSION = YES;
				CLANG_WARN_DIRECT_OBJC_ISA_USAGE = YES_ERROR;
				CLANG_WARN_DOCUMENTATION_COMMENTS = YES;
				CLANG_WARN_EMPTY_BODY = YES;
				CLANG_WARN_ENUM_CONVERSION = YES;
				CLANG_WARN_INFINITE_RECURSION = YES;
				CLANG_WARN_INT_CONVERSION = YES;
				CLANG_WARN_OBJC_ROOT_CLASS = YES_ERROR;
				CLANG_WARN_SUSPICIOUS_MOVE = YES;
				CLANG_WARN_UNREACHABLE_CODE = YES;
				CLANG_WARN__DUPLICATE_METHOD_MATCH = YES;
				"CODE_SIGN_IDENTITY[sdk=iphoneos*]" = "iPhone Developer";
				COPY_PHASE_STRIP = NO;
				DEBUG_INFORMATION_FORMAT = dwarf;
				ENABLE_STRICT_OBJC_MSGSEND = YES;
				ENABLE_TESTABILITY = YES;
				GCC_C_LANGUAGE_STANDARD = gnu99;
				GCC_DYNAMIC_NO_PIC = NO;
				GCC_NO_COMMON_BLOCKS = YES;
				GCC_OPTIMIZATION_LEVEL = 0;
				GCC_PREPROCESSOR_DEFINITIONS = (
					"DEBUG=1",
					"$(inherited)",
				);
				GCC_WARN_64_TO_32_BIT_CONVERSION = YES;
				GCC_WARN_ABOUT_RETURN_TYPE = YES_ERROR;
				GCC_WARN_UNDECLARED_SELECTOR = YES;
				GCC_WARN_UNINITIALIZED_AUTOS = YES_AGGRESSIVE;
				GCC_WARN_UNUSED_FUNCTION = YES;
				GCC_WARN_UNUSED_VARIABLE = YES;
				IPHONEOS_DEPLOYMENT_TARGET = 10.3;
				MTL_ENABLE_DEBUG_INFO = YES;
				ONLY_ACTIVE_ARCH = YES;
				SDKROOT = iphoneos;
				SWIFT_ACTIVE_COMPILATION_CONDITIONS = DEBUG;
				SWIFT_OPTIMIZATION_LEVEL = "-Onone";
			};
			name = Debug;
		};
		202272341F5DD195000F04C8 /* Release */ = {
			isa = XCBuildConfiguration;
			buildSettings = {
				ALWAYS_SEARCH_USER_PATHS = NO;
				CLANG_ANALYZER_NONNULL = YES;
				CLANG_ANALYZER_NUMBER_OBJECT_CONVERSION = YES_AGGRESSIVE;
				CLANG_CXX_LANGUAGE_STANDARD = "gnu++0x";
				CLANG_CXX_LIBRARY = "libc++";
				CLANG_ENABLE_MODULES = YES;
				CLANG_ENABLE_OBJC_ARC = YES;
				CLANG_WARN_BOOL_CONVERSION = YES;
				CLANG_WARN_CONSTANT_CONVERSION = YES;
				CLANG_WARN_DIRECT_OBJC_ISA_USAGE = YES_ERROR;
				CLANG_WARN_DOCUMENTATION_COMMENTS = YES;
				CLANG_WARN_EMPTY_BODY = YES;
				CLANG_WARN_ENUM_CONVERSION = YES;
				CLANG_WARN_INFINITE_RECURSION = YES;
				CLANG_WARN_INT_CONVERSION = YES;
				CLANG_WARN_OBJC_ROOT_CLASS = YES_ERROR;
				CLANG_WARN_SUSPICIOUS_MOVE = YES;
				CLANG_WARN_UNREACHABLE_CODE = YES;
				CLANG_WARN__DUPLICATE_METHOD_MATCH = YES;
				"CODE_SIGN_IDENTITY[sdk=iphoneos*]" = "iPhone Developer";
				COPY_PHASE_STRIP = NO;
				DEBUG_INFORMATION_FORMAT = "dwarf-with-dsym";
				ENABLE_NS_ASSERTIONS = NO;
				ENABLE_STRICT_OBJC_MSGSEND = YES;
				GCC_C_LANGUAGE_STANDARD = gnu99;
				GCC_NO_COMMON_BLOCKS = YES;
				GCC_WARN_64_TO_32_BIT_CONVERSION = YES;
				GCC_WARN_ABOUT_RETURN_TYPE = YES_ERROR;
				GCC_WARN_UNDECLARED_SELECTOR = YES;
				GCC_WARN_UNINITIALIZED_AUTOS = YES_AGGRESSIVE;
				GCC_WARN_UNUSED_FUNCTION = YES;
				GCC_WARN_UNUSED_VARIABLE = YES;
				IPHONEOS_DEPLOYMENT_TARGET = 10.3;
				MTL_ENABLE_DEBUG_INFO = NO;
				SDKROOT = iphoneos;
				SWIFT_OPTIMIZATION_LEVEL = "-Owholemodule";
				VALIDATE_PRODUCT = YES;
			};
			name = Release;
		};
		202272361F5DD195000F04C8 /* Debug */ = {
			isa = XCBuildConfiguration;
			buildSettings = {
				ASSETCATALOG_COMPILER_APPICON_NAME = AppIcon;
				"CODE_SIGN_IDENTITY[sdk=iphoneos*]" = "iPhone Developer";
				DEVELOPMENT_TEAM = 325SNGXV22;
				INFOPLIST_FILE = WeatherApp/Info.plist;
				LD_RUNPATH_SEARCH_PATHS = "$(inherited) @executable_path/Frameworks";
				PRODUCT_BUNDLE_IDENTIFIER = com.example.swift4.WeatherApp;
				PRODUCT_NAME = "$(TARGET_NAME)";
				PROVISIONING_PROFILE_SPECIFIER = "";
				SWIFT_VERSION = 3.0;
			};
			name = Debug;
		};
		202272371F5DD195000F04C8 /* Release */ = {
			isa = XCBuildConfiguration;
			buildSettings = {
				ASSETCATALOG_COMPILER_APPICON_NAME = AppIcon;
				"CODE_SIGN_IDENTITY[sdk=iphoneos*]" = "iPhone Developer";
				DEVELOPMENT_TEAM = 325SNGXV22;
				INFOPLIST_FILE = WeatherApp/Info.plist;
				LD_RUNPATH_SEARCH_PATHS = "$(inherited) @executable_path/Frameworks";
				PRODUCT_BUNDLE_IDENTIFIER = com.example.swift4.WeatherApp;
				PRODUCT_NAME = "$(TARGET_NAME)";
				PROVISIONING_PROFILE_SPECIFIER = "";
				SWIFT_VERSION = 3.0;
			};
			name = Release;
		};
/* End XCBuildConfiguration section */

/* Begin XCConfigurationList section */
		2022721E1F5DD195000F04C8 /* Build configuration list for PBXProject "WeatherApp" */ = {
			isa = XCConfigurationList;
			buildConfigurations = (
				202272331F5DD195000F04C8 /* Debug */,
				202272341F5DD195000F04C8 /* Release */,
			);
			defaultConfigurationIsVisible = 0;
			defaultConfigurationName = Release;
		};
		202272351F5DD195000F04C8 /* Build configuration list for PBXNativeTarget "WeatherApp" */ = {
			isa = XCConfigurationList;
			buildConfigurations = (
				202272361F5DD195000F04C8 /* Debug */,
				202272371F5DD195000F04C8 /* Release */,
			);
			defaultConfigurationIsVisible = 0;
			defaultConfigurationName = Release;
		};
/* End XCConfigurationList section */
	};
	rootObject = 2022721B1F5DD195000F04C8 /* Project object */;
}
