// !$*UTF8*$!
{
	archiveVersion = 1;
	classes = {
	};
	objectVersion = 46;
	objects = {

/* Begin PBXBuildFile section */
		2023BAD01EC0B9AD00F4ECD9 /* AppDelegate.swift in Sources */ = {isa = PBXBuildFile; fileRef = 2023BACF1EC0B9AD00F4ECD9 /* AppDelegate.swift */; };
		2023BAD21EC0B9AD00F4ECD9 /* ViewController.swift in Sources */ = {isa = PBXBuildFile; fileRef = 2023BAD11EC0B9AD00F4ECD9 /* ViewController.swift */; };
		2023BAD51EC0B9AD00F4ECD9 /* Main.storyboard in Resources */ = {isa = PBXBuildFile; fileRef = 2023BAD31EC0B9AD00F4ECD9 /* Main.storyboard */; };
		2023BAD71EC0B9AD00F4ECD9 /* Assets.xcassets in Resources */ = {isa = PBXBuildFile; fileRef = 2023BAD61EC0B9AD00F4ECD9 /* Assets.xcassets */; };
		2023BADA1EC0B9AD00F4ECD9 /* LaunchScreen.storyboard in Resources */ = {isa = PBXBuildFile; fileRef = 2023BAD81EC0B9AD00F4ECD9 /* LaunchScreen.storyboard */; };
		2023BAE51EC0B9AD00F4ECD9 /* My_First_iOS_appUITests.swift in Sources */ = {isa = PBXBuildFile; fileRef = 2023BAE41EC0B9AD00F4ECD9 /* My_First_iOS_appUITests.swift */; };
		20C934811F12F3AD00FB976A /* swift_logo.png in Resources */ = {isa = PBXBuildFile; fileRef = 20C934801F12F3AD00FB976A /* swift_logo.png */; };
/* End PBXBuildFile section */

/* Begin PBXContainerItemProxy section */
		2023BAE11EC0B9AD00F4ECD9 /* PBXContainerItemProxy */ = {
			isa = PBXContainerItemProxy;
			containerPortal = 2023BAC41EC0B9AD00F4ECD9 /* Project object */;
			proxyType = 1;
			remoteGlobalIDString = 2023BACB1EC0B9AD00F4ECD9;
			remoteInfo = "My First iOS app";
		};
/* End PBXContainerItemProxy section */

/* Begin PBXFileReference section */
		2023BACC1EC0B9AD00F4ECD9 /* My First iOS app.app */ = {isa = PBXFileReference; explicitFileType = wrapper.application; includeInIndex = 0; path = "My First iOS app.app"; sourceTree = BUILT_PRODUCTS_DIR; };
		2023BACF1EC0B9AD00F4ECD9 /* AppDelegate.swift */ = {isa = PBXFileReference; lastKnownFileType = sourcecode.swift; path = AppDelegate.swift; sourceTree = "<group>"; };
		2023BAD11EC0B9AD00F4ECD9 /* ViewController.swift */ = {isa = PBXFileReference; lastKnownFileType = sourcecode.swift; path = ViewController.swift; sourceTree = "<group>"; };
		2023BAD41EC0B9AD00F4ECD9 /* Base */ = {isa = PBXFileReference; lastKnownFileType = file.storyboard; name = Base; path = Base.lproj/Main.storyboard; sourceTree = "<group>"; };
		2023BAD61EC0B9AD00F4ECD9 /* Assets.xcassets */ = {isa = PBXFileReference; lastKnownFileType = folder.assetcatalog; path = Assets.xcassets; sourceTree = "<group>"; };
		2023BAD91EC0B9AD00F4ECD9 /* Base */ = {isa = PBXFileReference; lastKnownFileType = file.storyboard; name = Base; path = Base.lproj/LaunchScreen.storyboard; sourceTree = "<group>"; };
		2023BADB1EC0B9AD00F4ECD9 /* Info.plist */ = {isa = PBXFileReference; lastKnownFileType = text.plist.xml; path = Info.plist; sourceTree = "<group>"; };
		2023BAE01EC0B9AD00F4ECD9 /* My First iOS appUITests.xctest */ = {isa = PBXFileReference; explicitFileType = wrapper.cfbundle; includeInIndex = 0; path = "My First iOS appUITests.xctest"; sourceTree = BUILT_PRODUCTS_DIR; };
		2023BAE41EC0B9AD00F4ECD9 /* My_First_iOS_appUITests.swift */ = {isa = PBXFileReference; lastKnownFileType = sourcecode.swift; path = My_First_iOS_appUITests.swift; sourceTree = "<group>"; };
		2023BAE61EC0B9AD00F4ECD9 /* Info.plist */ = {isa = PBXFileReference; lastKnownFileType = text.plist.xml; path = Info.plist; sourceTree = "<group>"; };
		20C934801F12F3AD00FB976A /* swift_logo.png */ = {isa = PBXFileReference; lastKnownFileType = image.png; path = swift_logo.png; sourceTree = "<group>"; };
/* End PBXFileReference section */

/* Begin PBXFrameworksBuildPhase section */
		2023BAC91EC0B9AD00F4ECD9 /* Frameworks */ = {
			isa = PBXFrameworksBuildPhase;
			buildActionMask = 2147483647;
			files = (
			);
			runOnlyForDeploymentPostprocessing = 0;
		};
		2023BADD1EC0B9AD00F4ECD9 /* Frameworks */ = {
			isa = PBXFrameworksBuildPhase;
			buildActionMask = 2147483647;
			files = (
			);
			runOnlyForDeploymentPostprocessing = 0;
		};
/* End PBXFrameworksBuildPhase section */

/* Begin PBXGroup section */
		2023BAC31EC0B9AD00F4ECD9 = {
			isa = PBXGroup;
			children = (
				20C934801F12F3AD00FB976A /* swift_logo.png */,
				2023BACE1EC0B9AD00F4ECD9 /* My First iOS app */,
				2023BAE31EC0B9AD00F4ECD9 /* My First iOS appUITests */,
				2023BACD1EC0B9AD00F4ECD9 /* Products */,
			);
			sourceTree = "<group>";
		};
		2023BACD1EC0B9AD00F4ECD9 /* Products */ = {
			isa = PBXGroup;
			children = (
				2023BACC1EC0B9AD00F4ECD9 /* My First iOS app.app */,
				2023BAE01EC0B9AD00F4ECD9 /* My First iOS appUITests.xctest */,
			);
			name = Products;
			sourceTree = "<group>";
		};
		2023BACE1EC0B9AD00F4ECD9 /* My First iOS app */ = {
			isa = PBXGroup;
			children = (
				2023BACF1EC0B9AD00F4ECD9 /* AppDelegate.swift */,
				2023BAD11EC0B9AD00F4ECD9 /* ViewController.swift */,
				2023BAD31EC0B9AD00F4ECD9 /* Main.storyboard */,
				2023BAD61EC0B9AD00F4ECD9 /* Assets.xcassets */,
				2023BAD81EC0B9AD00F4ECD9 /* LaunchScreen.storyboard */,
				2023BADB1EC0B9AD00F4ECD9 /* Info.plist */,
			);
			path = "My First iOS app";
			sourceTree = "<group>";
		};
		2023BAE31EC0B9AD00F4ECD9 /* My First iOS appUITests */ = {
			isa = PBXGroup;
			children = (
				2023BAE41EC0B9AD00F4ECD9 /* My_First_iOS_appUITests.swift */,
				2023BAE61EC0B9AD00F4ECD9 /* Info.plist */,
			);
			path = "My First iOS appUITests";
			sourceTree = "<group>";
		};
/* End PBXGroup section */

/* Begin PBXNativeTarget section */
		2023BACB1EC0B9AD00F4ECD9 /* My First iOS app */ = {
			isa = PBXNativeTarget;
			buildConfigurationList = 2023BAE91EC0B9AD00F4ECD9 /* Build configuration list for PBXNativeTarget "My First iOS app" */;
			buildPhases = (
				2023BAC81EC0B9AD00F4ECD9 /* Sources */,
				2023BAC91EC0B9AD00F4ECD9 /* Frameworks */,
				2023BACA1EC0B9AD00F4ECD9 /* Resources */,
			);
			buildRules = (
			);
			dependencies = (
			);
			name = "My First iOS app";
			productName = "My First iOS app";
			productReference = 2023BACC1EC0B9AD00F4ECD9 /* My First iOS app.app */;
			productType = "com.apple.product-type.application";
		};
		2023BADF1EC0B9AD00F4ECD9 /* My First iOS appUITests */ = {
			isa = PBXNativeTarget;
			buildConfigurationList = 2023BAEC1EC0B9AD00F4ECD9 /* Build configuration list for PBXNativeTarget "My First iOS appUITests" */;
			buildPhases = (
				2023BADC1EC0B9AD00F4ECD9 /* Sources */,
				2023BADD1EC0B9AD00F4ECD9 /* Frameworks */,
				2023BADE1EC0B9AD00F4ECD9 /* Resources */,
			);
			buildRules = (
			);
			dependencies = (
				2023BAE21EC0B9AD00F4ECD9 /* PBXTargetDependency */,
			);
			name = "My First iOS appUITests";
			productName = "My First iOS appUITests";
			productReference = 2023BAE01EC0B9AD00F4ECD9 /* My First iOS appUITests.xctest */;
			productType = "com.apple.product-type.bundle.ui-testing";
		};
/* End PBXNativeTarget section */

/* Begin PBXProject section */
		2023BAC41EC0B9AD00F4ECD9 /* Project object */ = {
			isa = PBXProject;
			attributes = {
				KnownAssetTags = (
					New,
				);
				LastSwiftUpdateCheck = 0830;
				LastUpgradeCheck = 0830;
				ORGANIZATIONNAME = "My Company Inc.";
				TargetAttributes = {
					2023BACB1EC0B9AD00F4ECD9 = {
						CreatedOnToolsVersion = 8.3.2;
						DevelopmentTeam = L8G2J9W34G;
						ProvisioningStyle = Automatic;
					};
					2023BADF1EC0B9AD00F4ECD9 = {
						CreatedOnToolsVersion = 8.3.2;
						ProvisioningStyle = Automatic;
						TestTargetID = 2023BACB1EC0B9AD00F4ECD9;
					};
				};
			};
			buildConfigurationList = 2023BAC71EC0B9AD00F4ECD9 /* Build configuration list for PBXProject "My First iOS app" */;
			compatibilityVersion = "Xcode 3.2";
			developmentRegion = English;
			hasScannedForEncodings = 0;
			knownRegions = (
				en,
				Base,
			);
			mainGroup = 2023BAC31EC0B9AD00F4ECD9;
			productRefGroup = 2023BACD1EC0B9AD00F4ECD9 /* Products */;
			projectDirPath = "";
			projectRoot = "";
			targets = (
				2023BACB1EC0B9AD00F4ECD9 /* My First iOS app */,
				2023BADF1EC0B9AD00F4ECD9 /* My First iOS appUITests */,
			);
		};
/* End PBXProject section */

/* Begin PBXResourcesBuildPhase section */
		2023BACA1EC0B9AD00F4ECD9 /* Resources */ = {
			isa = PBXResourcesBuildPhase;
			buildActionMask = 2147483647;
			files = (
				2023BADA1EC0B9AD00F4ECD9 /* LaunchScreen.storyboard in Resources */,
				2023BAD71EC0B9AD00F4ECD9 /* Assets.xcassets in Resources */,
				20C934811F12F3AD00FB976A /* swift_logo.png in Resources */,
				2023BAD51EC0B9AD00F4ECD9 /* Main.storyboard in Resources */,
			);
			runOnlyForDeploymentPostprocessing = 0;
		};
		2023BADE1EC0B9AD00F4ECD9 /* Resources */ = {
			isa = PBXResourcesBuildPhase;
			buildActionMask = 2147483647;
			files = (
			);
			runOnlyForDeploymentPostprocessing = 0;
		};
/* End PBXResourcesBuildPhase section */

/* Begin PBXSourcesBuildPhase section */
		2023BAC81EC0B9AD00F4ECD9 /* Sources */ = {
			isa = PBXSourcesBuildPhase;
			buildActionMask = 2147483647;
			files = (
				2023BAD21EC0B9AD00F4ECD9 /* ViewController.swift in Sources */,
				2023BAD01EC0B9AD00F4ECD9 /* AppDelegate.swift in Sources */,
			);
			runOnlyForDeploymentPostprocessing = 0;
		};
		2023BADC1EC0B9AD00F4ECD9 /* Sources */ = {
			isa = PBXSourcesBuildPhase;
			buildActionMask = 2147483647;
			files = (
				2023BAE51EC0B9AD00F4ECD9 /* My_First_iOS_appUITests.swift in Sources */,
			);
			runOnlyForDeploymentPostprocessing = 0;
		};
/* End PBXSourcesBuildPhase section */

/* Begin PBXTargetDependency section */
		2023BAE21EC0B9AD00F4ECD9 /* PBXTargetDependency */ = {
			isa = PBXTargetDependency;
			target = 2023BACB1EC0B9AD00F4ECD9 /* My First iOS app */;
			targetProxy = 2023BAE11EC0B9AD00F4ECD9 /* PBXContainerItemProxy */;
		};
/* End PBXTargetDependency section */

/* Begin PBXVariantGroup section */
		2023BAD31EC0B9AD00F4ECD9 /* Main.storyboard */ = {
			isa = PBXVariantGroup;
			children = (
				2023BAD41EC0B9AD00F4ECD9 /* Base */,
			);
			name = Main.storyboard;
			sourceTree = "<group>";
		};
		2023BAD81EC0B9AD00F4ECD9 /* LaunchScreen.storyboard */ = {
			isa = PBXVariantGroup;
			children = (
				2023BAD91EC0B9AD00F4ECD9 /* Base */,
			);
			name = LaunchScreen.storyboard;
			sourceTree = "<group>";
		};
/* End PBXVariantGroup section */

/* Begin XCBuildConfiguration section */
		2023BAE71EC0B9AD00F4ECD9 /* Debug */ = {
			isa = XCBuildConfiguration;
			buildSettings = {
				ALWAYS_SEARCH_USER_PATHS = NO;
				CLANG_ANALYZER_NONNULL = YES;
				CLANG_ANALYZER_NUMBER_OBJECT_CONVERSION = YES_AGGRESSIVE;
				CLANG_CXX_LANGUAGE_STANDARD = "gnu++0x";
				CLANG_CXX_LIBRARY = "libc++";
				CLANG_ENABLE_MODULES = YES;
				CLANG_ENABLE_OBJC_ARC = YES;
				CLANG_WARN_BOOL_CONVERSION = YES;
				CLANG_WARN_CONSTANT_CONVERSION = YES;
				CLANG_WARN_DIRECT_OBJC_ISA_USAGE = YES_ERROR;
				CLANG_WARN_DOCUMENTATION_COMMENTS = YES;
				CLANG_WARN_EMPTY_BODY = YES;
				CLANG_WARN_ENUM_CONVERSION = YES;
				CLANG_WARN_INFINITE_RECURSION = YES;
				CLANG_WARN_INT_CONVERSION = YES;
				CLANG_WARN_OBJC_ROOT_CLASS = YES_ERROR;
				CLANG_WARN_SUSPICIOUS_MOVE = YES;
				CLANG_WARN_UNREACHABLE_CODE = YES;
				CLANG_WARN__DUPLICATE_METHOD_MATCH = YES;
				"CODE_SIGN_IDENTITY[sdk=iphoneos*]" = "iPhone Developer";
				COPY_PHASE_STRIP = NO;
				DEBUG_INFORMATION_FORMAT = dwarf;
				ENABLE_STRICT_OBJC_MSGSEND = YES;
				ENABLE_TESTABILITY = YES;
				GCC_C_LANGUAGE_STANDARD = gnu99;
				GCC_DYNAMIC_NO_PIC = NO;
				GCC_NO_COMMON_BLOCKS = YES;
				GCC_OPTIMIZATION_LEVEL = 0;
				GCC_PREPROCESSOR_DEFINITIONS = (
					"DEBUG=1",
					"$(inherited)",
				);
				GCC_WARN_64_TO_32_BIT_CONVERSION = YES;
				GCC_WARN_ABOUT_RETURN_TYPE = YES_ERROR;
				GCC_WARN_UNDECLARED_SELECTOR = YES;
				GCC_WARN_UNINITIALIZED_AUTOS = YES_AGGRESSIVE;
				GCC_WARN_UNUSED_FUNCTION = YES;
				GCC_WARN_UNUSED_VARIABLE = YES;
				IPHONEOS_DEPLOYMENT_TARGET = 10.3;
				MTL_ENABLE_DEBUG_INFO = YES;
				ONLY_ACTIVE_ARCH = YES;
				SDKROOT = iphoneos;
				SWIFT_ACTIVE_COMPILATION_CONDITIONS = DEBUG;
				SWIFT_OPTIMIZATION_LEVEL = "-Onone";
				TARGETED_DEVICE_FAMILY = "1,2";
			};
			name = Debug;
		};
		2023BAE81EC0B9AD00F4ECD9 /* Release */ = {
			isa = XCBuildConfiguration;
			buildSettings = {
				ALWAYS_SEARCH_USER_PATHS = NO;
				CLANG_ANALYZER_NONNULL = YES;
				CLANG_ANALYZER_NUMBER_OBJECT_CONVERSION = YES_AGGRESSIVE;
				CLANG_CXX_LANGUAGE_STANDARD = "gnu++0x";
				CLANG_CXX_LIBRARY = "libc++";
				CLANG_ENABLE_MODULES = YES;
				CLANG_ENABLE_OBJC_ARC = YES;
				CLANG_WARN_BOOL_CONVERSION = YES;
				CLANG_WARN_CONSTANT_CONVERSION = YES;
				CLANG_WARN_DIRECT_OBJC_ISA_USAGE = YES_ERROR;
				CLANG_WARN_DOCUMENTATION_COMMENTS = YES;
				CLANG_WARN_EMPTY_BODY = YES;
				CLANG_WARN_ENUM_CONVERSION = YES;
				CLANG_WARN_INFINITE_RECURSION = YES;
				CLANG_WARN_INT_CONVERSION = YES;
				CLANG_WARN_OBJC_ROOT_CLASS = YES_ERROR;
				CLANG_WARN_SUSPICIOUS_MOVE = YES;
				CLANG_WARN_UNREACHABLE_CODE = YES;
				CLANG_WARN__DUPLICATE_METHOD_MATCH = YES;
				"CODE_SIGN_IDENTITY[sdk=iphoneos*]" = "iPhone Developer";
				COPY_PHASE_STRIP = NO;
				DEBUG_INFORMATION_FORMAT = "dwarf-with-dsym";
				ENABLE_NS_ASSERTIONS = NO;
				ENABLE_STRICT_OBJC_MSGSEND = YES;
				GCC_C_LANGUAGE_STANDARD = gnu99;
				GCC_NO_COMMON_BLOCKS = YES;
				GCC_WARN_64_TO_32_BIT_CONVERSION = YES;
				GCC_WARN_ABOUT_RETURN_TYPE = YES_ERROR;
				GCC_WARN_UNDECLARED_SELECTOR = YES;
				GCC_WARN_UNINITIALIZED_AUTOS = YES_AGGRESSIVE;
				GCC_WARN_UNUSED_FUNCTION = YES;
				GCC_WARN_UNUSED_VARIABLE = YES;
				IPHONEOS_DEPLOYMENT_TARGET = 10.3;
				MTL_ENABLE_DEBUG_INFO = NO;
				SDKROOT = iphoneos;
				SWIFT_OPTIMIZATION_LEVEL = "-Owholemodule";
				TARGETED_DEVICE_FAMILY = "1,2";
				VALIDATE_PRODUCT = YES;
			};
			name = Release;
		};
		2023BAEA1EC0B9AD00F4ECD9 /* Debug */ = {
			isa = XCBuildConfiguration;
			buildSettings = {
				ASSETCATALOG_COMPILER_APPICON_NAME = AppIcon;
				"CODE_SIGN_IDENTITY[sdk=iphoneos*]" = "iPhone Developer";
				DEVELOPMENT_TEAM = L8G2J9W34G;
				INFOPLIST_FILE = "My First iOS app/Info.plist";
				LD_RUNPATH_SEARCH_PATHS = "$(inherited) @executable_path/Frameworks";
				PRODUCT_BUNDLE_IDENTIFIER = "com.mycompany.My-First-iOS-app";
				PRODUCT_NAME = "$(TARGET_NAME)";
				PROVISIONING_PROFILE_SPECIFIER = "";
				SWIFT_VERSION = 3.0;
			};
			name = Debug;
		};
		2023BAEB1EC0B9AD00F4ECD9 /* Release */ = {
			isa = XCBuildConfiguration;
			buildSettings = {
				ASSETCATALOG_COMPILER_APPICON_NAME = AppIcon;
				"CODE_SIGN_IDENTITY[sdk=iphoneos*]" = "iPhone Developer";
				DEVELOPMENT_TEAM = L8G2J9W34G;
				INFOPLIST_FILE = "My First iOS app/Info.plist";
				LD_RUNPATH_SEARCH_PATHS = "$(inherited) @executable_path/Frameworks";
				PRODUCT_BUNDLE_IDENTIFIER = "com.mycompany.My-First-iOS-app";
				PRODUCT_NAME = "$(TARGET_NAME)";
				PROVISIONING_PROFILE_SPECIFIER = "";
				SWIFT_VERSION = 3.0;
			};
			name = Release;
		};
		2023BAED1EC0B9AD00F4ECD9 /* Debug */ = {
			isa = XCBuildConfiguration;
			buildSettings = {
				ALWAYS_EMBED_SWIFT_STANDARD_LIBRARIES = YES;
				INFOPLIST_FILE = "My First iOS appUITests/Info.plist";
				LD_RUNPATH_SEARCH_PATHS = "$(inherited) @executable_path/Frameworks @loader_path/Frameworks";
				PRODUCT_BUNDLE_IDENTIFIER = "com.mycompany.My-First-iOS-appUITests";
				PRODUCT_NAME = "$(TARGET_NAME)";
				SWIFT_VERSION = 3.0;
				TEST_TARGET_NAME = "My First iOS app";
			};
			name = Debug;
		};
		2023BAEE1EC0B9AD00F4ECD9 /* Release */ = {
			isa = XCBuildConfiguration;
			buildSettings = {
				ALWAYS_EMBED_SWIFT_STANDARD_LIBRARIES = YES;
				INFOPLIST_FILE = "My First iOS appUITests/Info.plist";
				LD_RUNPATH_SEARCH_PATHS = "$(inherited) @executable_path/Frameworks @loader_path/Frameworks";
				PRODUCT_BUNDLE_IDENTIFIER = "com.mycompany.My-First-iOS-appUITests";
				PRODUCT_NAME = "$(TARGET_NAME)";
				SWIFT_VERSION = 3.0;
				TEST_TARGET_NAME = "My First iOS app";
			};
			name = Release;
		};
/* End XCBuildConfiguration section */

/* Begin XCConfigurationList section */
		2023BAC71EC0B9AD00F4ECD9 /* Build configuration list for PBXProject "My First iOS app" */ = {
			isa = XCConfigurationList;
			buildConfigurations = (
				2023BAE71EC0B9AD00F4ECD9 /* Debug */,
				2023BAE81EC0B9AD00F4ECD9 /* Release */,
			);
			defaultConfigurationIsVisible = 0;
			defaultConfigurationName = Release;
		};
		2023BAE91EC0B9AD00F4ECD9 /* Build configuration list for PBXNativeTarget "My First iOS app" */ = {
			isa = XCConfigurationList;
			buildConfigurations = (
				2023BAEA1EC0B9AD00F4ECD9 /* Debug */,
				2023BAEB1EC0B9AD00F4ECD9 /* Release */,
			);
			defaultConfigurationIsVisible = 0;
			defaultConfigurationName = Release;
		};
		2023BAEC1EC0B9AD00F4ECD9 /* Build configuration list for PBXNativeTarget "My First iOS appUITests" */ = {
			isa = XCConfigurationList;
			buildConfigurations = (
				2023BAED1EC0B9AD00F4ECD9 /* Debug */,
				2023BAEE1EC0B9AD00F4ECD9 /* Release */,
			);
			defaultConfigurationIsVisible = 0;
			defaultConfigurationName = Release;
		};
/* End XCConfigurationList section */
	};
	rootObject = 2023BAC41EC0B9AD00F4ECD9 /* Project object */;
}
